{
  "name": "fhir-works-on-aws-deployment",
  "version": "4.0.0",
  "lockfileVersion": 1,
  "requires": true,
  "dependencies": {
    "UKCore.Release1": {
      "version": "1.0.1",
      "resolved": "https://packages.simplifier.net/ukcore.release1/1.0.1",
      "integrity": "sha1-w5OlEGqSMu6WBsqOaf9WbyVte7A="
    }
  }
}
